
Microsoft Visual Studio Solution File, Format Version 12.00
# Visual Studio Version 17
VisualStudioVersion = 17.4.33213.308
MinimumVisualStudioVersion = 10.0.40219.1
Project("{9A19103F-16F7-4668-BE54-9A1E7A4F7556}") = "Library", "Library\Library.csproj", "{CA5DCF9B-3AF6-483B-B2CE-6931C10CE998}"
EndProject
Project("{FAE04EC0-301F-11D3-BF4B-00C04F79EFBC}") = "ConsoleApp2", "ConsoleApp2\ConsoleApp2.csproj", "{9EA94173-3AA3-439B-A75E-F8144AAC3E4A}"
EndProject
Global
	GlobalSection(SolutionConfigurationPlatforms) = preSolution
		Debug|Any CPU = Debug|Any CPU
		Release|Any CPU = Release|Any CPU
	EndGlobalSection
	GlobalSection(ProjectConfigurationPlatforms) = postSolution
		{CA5DCF9B-3AF6-483B-B2CE-6931C10CE998}.Debug|Any CPU.ActiveCfg = Debug|Any CPU
		{CA5DCF9B-3AF6-483B-B2CE-6931C10CE998}.Debug|Any CPU.Build.0 = Debug|Any CPU
		{CA5DCF9B-3AF6-483B-B2CE-6931C10CE998}.Release|Any CPU.ActiveCfg = Release|Any CPU
		{CA5DCF9B-3AF6-483B-B2CE-6931C10CE998}.Release|Any CPU.Build.0 = Release|Any CPU
		{9EA94173-3AA3-439B-A75E-F8144AAC3E4A}.Debug|Any CPU.ActiveCfg = Debug|Any CPU
		{9EA94173-3AA3-439B-A75E-F8144AAC3E4A}.Debug|Any CPU.Build.0 = Debug|Any CPU
		{9EA94173-3AA3-439B-A75E-F8144AAC3E4A}.Release|Any CPU.ActiveCfg = Release|Any CPU
		{9EA94173-3AA3-439B-A75E-F8144AAC3E4A}.Release|Any CPU.Build.0 = Release|Any CPU
	EndGlobalSection
	GlobalSection(SolutionProperties) = preSolution
		HideSolutionNode = FALSE
	EndGlobalSection
	GlobalSection(ExtensibilityGlobals) = postSolution
		SolutionGuid = {697F5074-4FD0-4F9D-813B-ECAFC891AF76}
	EndGlobalSection
EndGlobal
